// !$*UTF8*$!
{
	archiveVersion = 1;
	classes = {
	};
	objectVersion = 48;
	objects = {

/* Begin PBXBuildFile section */
		0155B24201B27BBE77E6EAA1 /* Pods_iOSTutorials.framework in Frameworks */ = {isa = PBXBuildFile; fileRef = 1C4D9BABFAF5F1B40B2BC8E4 /* Pods_iOSTutorials.framework */; };
		4A379FE02042AD8300591E71 /* QueueViewController.swift in Sources */ = {isa = PBXBuildFile; fileRef = 4A379FDF2042AD8300591E71 /* QueueViewController.swift */; };
		4A489753207C93850060A900 /* WebSocketViewController.swift in Sources */ = {isa = PBXBuildFile; fileRef = 4A489752207C93850060A900 /* WebSocketViewController.swift */; };
		4A489757207CAF7C0060A900 /* SocketViewController.swift in Sources */ = {isa = PBXBuildFile; fileRef = 4A489756207CAF7C0060A900 /* SocketViewController.swift */; };
		4A9F2AC32041591400637DE0 /* AppDelegate.swift in Sources */ = {isa = PBXBuildFile; fileRef = 4A9F2AC22041591400637DE0 /* AppDelegate.swift */; };
		4A9F2ACA2041591400637DE0 /* Assets.xcassets in Resources */ = {isa = PBXBuildFile; fileRef = 4A9F2AC92041591400637DE0 /* Assets.xcassets */; };
		4A9F2ACD2041591400637DE0 /* LaunchScreen.storyboard in Resources */ = {isa = PBXBuildFile; fileRef = 4A9F2ACB2041591400637DE0 /* LaunchScreen.storyboard */; };
		4A9F2AD8204159F700637DE0 /* ThreadViewController.swift in Sources */ = {isa = PBXBuildFile; fileRef = 4A9F2AD7204159F700637DE0 /* ThreadViewController.swift */; };
		4A9F2ADA20415BEA00637DE0 /* HomeViewController.swift in Sources */ = {isa = PBXBuildFile; fileRef = 4A9F2AD920415BEA00637DE0 /* HomeViewController.swift */; };
		4A9F2ADD20415C4400637DE0 /* ZViewController.swift in Sources */ = {isa = PBXBuildFile; fileRef = 4A9F2ADC20415C4400637DE0 /* ZViewController.swift */; };
		4A9F2AE02041667400637DE0 /* MyThread.swift in Sources */ = {isa = PBXBuildFile; fileRef = 4A9F2ADF2041667400637DE0 /* MyThread.swift */; };
		4A9F2AE220416BAF00637DE0 /* LThread.swift in Sources */ = {isa = PBXBuildFile; fileRef = 4A9F2AE120416BAF00637DE0 /* LThread.swift */; };
		4AB2212D20624A9300450458 /* PointerViewController.swift in Sources */ = {isa = PBXBuildFile; fileRef = 4AB2212C20624A9300450458 /* PointerViewController.swift */; };
		4ACE969120416DFC007E507D /* RThread.swift in Sources */ = {isa = PBXBuildFile; fileRef = 4ACE969020416DFC007E507D /* RThread.swift */; };
		4ACE96932041731C007E507D /* ConditionLockThread.swift in Sources */ = {isa = PBXBuildFile; fileRef = 4ACE96922041731C007E507D /* ConditionLockThread.swift */; };
		4ACE969520417924007E507D /* ConditionThread.swift in Sources */ = {isa = PBXBuildFile; fileRef = 4ACE969420417924007E507D /* ConditionThread.swift */; };
		4ACE96972043ABD8007E507D /* SingletonViewController.swift in Sources */ = {isa = PBXBuildFile; fileRef = 4ACE96962043ABD8007E507D /* SingletonViewController.swift */; };
		4ACE969C2043AC3B007E507D /* MySingleton.swift in Sources */ = {isa = PBXBuildFile; fileRef = 4ACE969B2043AC3B007E507D /* MySingleton.swift */; };
		4ACE969E204507F7007E507D /* DataSaveViewController.swift in Sources */ = {isa = PBXBuildFile; fileRef = 4ACE969D204507F7007E507D /* DataSaveViewController.swift */; };
		4ACE96A220453D76007E507D /* MyModel.xcdatamodeld in Sources */ = {isa = PBXBuildFile; fileRef = 4ACE96A020453D76007E507D /* MyModel.xcdatamodeld */; };
		4ACE972120513BE2007E507D /* CodableViewController.swift in Sources */ = {isa = PBXBuildFile; fileRef = 4ACE972020513BE2007E507D /* CodableViewController.swift */; };
/* End PBXBuildFile section */

/* Begin PBXFileReference section */
		1C4D9BABFAF5F1B40B2BC8E4 /* Pods_iOSTutorials.framework */ = {isa = PBXFileReference; explicitFileType = wrapper.framework; includeInIndex = 0; path = Pods_iOSTutorials.framework; sourceTree = BUILT_PRODUCTS_DIR; };
		2955C79A8E44DCAA10E5421D /* Pods-iOSTutorials.release.xcconfig */ = {isa = PBXFileReference; includeInIndex = 1; lastKnownFileType = text.xcconfig; name = "Pods-iOSTutorials.release.xcconfig"; path = "Pods/Target Support Files/Pods-iOSTutorials/Pods-iOSTutorials.release.xcconfig"; sourceTree = "<group>"; };
		4A379FDF2042AD8300591E71 /* QueueViewController.swift */ = {isa = PBXFileReference; lastKnownFileType = sourcecode.swift; path = QueueViewController.swift; sourceTree = "<group>"; };
		4A489752207C93850060A900 /* WebSocketViewController.swift */ = {isa = PBXFileReference; lastKnownFileType = sourcecode.swift; path = WebSocketViewController.swift; sourceTree = "<group>"; };
		4A489756207CAF7C0060A900 /* SocketViewController.swift */ = {isa = PBXFileReference; lastKnownFileType = sourcecode.swift; path = SocketViewController.swift; sourceTree = "<group>"; };
		4A9F2ABF2041591400637DE0 /* iOSTutorials.app */ = {isa = PBXFileReference; explicitFileType = wrapper.application; includeInIndex = 0; path = iOSTutorials.app; sourceTree = BUILT_PRODUCTS_DIR; };
		4A9F2AC22041591400637DE0 /* AppDelegate.swift */ = {isa = PBXFileReference; lastKnownFileType = sourcecode.swift; path = AppDelegate.swift; sourceTree = "<group>"; };
		4A9F2AC92041591400637DE0 /* Assets.xcassets */ = {isa = PBXFileReference; lastKnownFileType = folder.assetcatalog; path = Assets.xcassets; sourceTree = "<group>"; };
		4A9F2ACC2041591400637DE0 /* Base */ = {isa = PBXFileReference; lastKnownFileType = file.storyboard; name = Base; path = Base.lproj/LaunchScreen.storyboard; sourceTree = "<group>"; };
		4A9F2ACE2041591400637DE0 /* Info.plist */ = {isa = PBXFileReference; lastKnownFileType = text.plist.xml; path = Info.plist; sourceTree = "<group>"; };
		4A9F2AD7204159F700637DE0 /* ThreadViewController.swift */ = {isa = PBXFileReference; lastKnownFileType = sourcecode.swift; path = ThreadViewController.swift; sourceTree = "<group>"; };
		4A9F2AD920415BEA00637DE0 /* HomeViewController.swift */ = {isa = PBXFileReference; fileEncoding = 4; lastKnownFileType = sourcecode.swift; path = HomeViewController.swift; sourceTree = "<group>"; };
		4A9F2ADC20415C4400637DE0 /* ZViewController.swift */ = {isa = PBXFileReference; lastKnownFileType = sourcecode.swift; path = ZViewController.swift; sourceTree = "<group>"; };
		4A9F2ADF2041667400637DE0 /* MyThread.swift */ = {isa = PBXFileReference; lastKnownFileType = sourcecode.swift; path = MyThread.swift; sourceTree = "<group>"; };
		4A9F2AE120416BAF00637DE0 /* LThread.swift */ = {isa = PBXFileReference; lastKnownFileType = sourcecode.swift; path = LThread.swift; sourceTree = "<group>"; };
		4AB2212C20624A9300450458 /* PointerViewController.swift */ = {isa = PBXFileReference; lastKnownFileType = sourcecode.swift; path = PointerViewController.swift; sourceTree = "<group>"; };
		4ACE969020416DFC007E507D /* RThread.swift */ = {isa = PBXFileReference; lastKnownFileType = sourcecode.swift; path = RThread.swift; sourceTree = "<group>"; };
		4ACE96922041731C007E507D /* ConditionLockThread.swift */ = {isa = PBXFileReference; lastKnownFileType = sourcecode.swift; path = ConditionLockThread.swift; sourceTree = "<group>"; };
		4ACE969420417924007E507D /* ConditionThread.swift */ = {isa = PBXFileReference; lastKnownFileType = sourcecode.swift; path = ConditionThread.swift; sourceTree = "<group>"; };
		4ACE96962043ABD8007E507D /* SingletonViewController.swift */ = {isa = PBXFileReference; lastKnownFileType = sourcecode.swift; path = SingletonViewController.swift; sourceTree = "<group>"; };
		4ACE969B2043AC3B007E507D /* MySingleton.swift */ = {isa = PBXFileReference; lastKnownFileType = sourcecode.swift; path = MySingleton.swift; sourceTree = "<group>"; };
		4ACE969D204507F7007E507D /* DataSaveViewController.swift */ = {isa = PBXFileReference; lastKnownFileType = sourcecode.swift; path = DataSaveViewController.swift; sourceTree = "<group>"; };
		4ACE96A120453D76007E507D /* MyModel.xcdatamodel */ = {isa = PBXFileReference; lastKnownFileType = wrapper.xcdatamodel; path = MyModel.xcdatamodel; sourceTree = "<group>"; };
		4ACE972020513BE2007E507D /* CodableViewController.swift */ = {isa = PBXFileReference; lastKnownFileType = sourcecode.swift; path = CodableViewController.swift; sourceTree = "<group>"; };
		9BA38B3335E65BF0633631F0 /* Pods-iOSTutorials.debug.xcconfig */ = {isa = PBXFileReference; includeInIndex = 1; lastKnownFileType = text.xcconfig; name = "Pods-iOSTutorials.debug.xcconfig"; path = "Pods/Target Support Files/Pods-iOSTutorials/Pods-iOSTutorials.debug.xcconfig"; sourceTree = "<group>"; };
/* End PBXFileReference section */

/* Begin PBXFrameworksBuildPhase section */
		4A9F2ABC2041591400637DE0 /* Frameworks */ = {
			isa = PBXFrameworksBuildPhase;
			buildActionMask = 2147483647;
			files = (
				0155B24201B27BBE77E6EAA1 /* Pods_iOSTutorials.framework in Frameworks */,
			);
			runOnlyForDeploymentPostprocessing = 0;
		};
/* End PBXFrameworksBuildPhase section */

/* Begin PBXGroup section */
		20876174ECF989787ECE3113 /* Pods */ = {
			isa = PBXGroup;
			children = (
				9BA38B3335E65BF0633631F0 /* Pods-iOSTutorials.debug.xcconfig */,
				2955C79A8E44DCAA10E5421D /* Pods-iOSTutorials.release.xcconfig */,
			);
			name = Pods;
			sourceTree = "<group>";
		};
		4A9F2AB62041591400637DE0 = {
			isa = PBXGroup;
			children = (
				4A9F2AC12041591400637DE0 /* iOSTutorials */,
				4A9F2AC02041591400637DE0 /* Products */,
				20876174ECF989787ECE3113 /* Pods */,
				D1C5E8185F4BFE7B942C5E65 /* Frameworks */,
			);
			sourceTree = "<group>";
		};
		4A9F2AC02041591400637DE0 /* Products */ = {
			isa = PBXGroup;
			children = (
				4A9F2ABF2041591400637DE0 /* iOSTutorials.app */,
			);
			name = Products;
			sourceTree = "<group>";
		};
		4A9F2AC12041591400637DE0 /* iOSTutorials */ = {
			isa = PBXGroup;
			children = (
				4ACE969F20453D5B007E507D /* CoreData */,
				4ACE969A2043AC30007E507D /* Singleton */,
				4A9F2ADE2041666B00637DE0 /* Thread */,
				4A9F2ADB20415C3700637DE0 /* Base */,
				4A9F2AD6204159DA00637DE0 /* ViewController */,
				4A9F2AC22041591400637DE0 /* AppDelegate.swift */,
				4A9F2AC92041591400637DE0 /* Assets.xcassets */,
				4A9F2ACB2041591400637DE0 /* LaunchScreen.storyboard */,
				4A9F2ACE2041591400637DE0 /* Info.plist */,
			);
			path = iOSTutorials;
			sourceTree = "<group>";
		};
		4A9F2AD6204159DA00637DE0 /* ViewController */ = {
			isa = PBXGroup;
			children = (
				4A9F2AD920415BEA00637DE0 /* HomeViewController.swift */,
				4A9F2AD7204159F700637DE0 /* ThreadViewController.swift */,
				4A379FDF2042AD8300591E71 /* QueueViewController.swift */,
				4ACE96962043ABD8007E507D /* SingletonViewController.swift */,
				4ACE969D204507F7007E507D /* DataSaveViewController.swift */,
				4ACE972020513BE2007E507D /* CodableViewController.swift */,
				4AB2212C20624A9300450458 /* PointerViewController.swift */,
				4A489752207C93850060A900 /* WebSocketViewController.swift */,
				4A489756207CAF7C0060A900 /* SocketViewController.swift */,
			);
			path = ViewController;
			sourceTree = "<group>";
		};
		4A9F2ADB20415C3700637DE0 /* Base */ = {
			isa = PBXGroup;
			children = (
				4A9F2ADC20415C4400637DE0 /* ZViewController.swift */,
			);
			path = Base;
			sourceTree = "<group>";
		};
		4A9F2ADE2041666B00637DE0 /* Thread */ = {
			isa = PBXGroup;
			children = (
				4A9F2ADF2041667400637DE0 /* MyThread.swift */,
				4A9F2AE120416BAF00637DE0 /* LThread.swift */,
				4ACE969020416DFC007E507D /* RThread.swift */,
				4ACE96922041731C007E507D /* ConditionLockThread.swift */,
				4ACE969420417924007E507D /* ConditionThread.swift */,
			);
			path = Thread;
			sourceTree = "<group>";
		};
		4ACE969A2043AC30007E507D /* Singleton */ = {
			isa = PBXGroup;
			children = (
				4ACE969B2043AC3B007E507D /* MySingleton.swift */,
			);
			path = Singleton;
			sourceTree = "<group>";
		};
		4ACE969F20453D5B007E507D /* CoreData */ = {
			isa = PBXGroup;
			children = (
				4ACE96A020453D76007E507D /* MyModel.xcdatamodeld */,
			);
			path = CoreData;
			sourceTree = "<group>";
		};
		D1C5E8185F4BFE7B942C5E65 /* Frameworks */ = {
			isa = PBXGroup;
			children = (
				1C4D9BABFAF5F1B40B2BC8E4 /* Pods_iOSTutorials.framework */,
			);
			name = Frameworks;
			sourceTree = "<group>";
		};
/* End PBXGroup section */

/* Begin PBXNativeTarget section */
		4A9F2ABE2041591400637DE0 /* iOSTutorials */ = {
			isa = PBXNativeTarget;
			buildConfigurationList = 4A9F2AD12041591400637DE0 /* Build configuration list for PBXNativeTarget "iOSTutorials" */;
			buildPhases = (
				79269AB0D1FA2915FE7F7E82 /* [CP] Check Pods Manifest.lock */,
				4A9F2ABB2041591400637DE0 /* Sources */,
				4A9F2ABC2041591400637DE0 /* Frameworks */,
				4A9F2ABD2041591400637DE0 /* Resources */,
				75C6C46AE0B38F4B12E4BB32 /* [CP] Embed Pods Frameworks */,
			);
			buildRules = (
			);
			dependencies = (
			);
			name = iOSTutorials;
			productName = iOSTutorials;
			productReference = 4A9F2ABF2041591400637DE0 /* iOSTutorials.app */;
			productType = "com.apple.product-type.application";
		};
/* End PBXNativeTarget section */

/* Begin PBXProject section */
		4A9F2AB72041591400637DE0 /* Project object */ = {
			isa = PBXProject;
			attributes = {
				LastSwiftUpdateCheck = 0920;
				LastUpgradeCheck = 0930;
				ORGANIZATIONNAME = CaryZheng;
				TargetAttributes = {
					4A9F2ABE2041591400637DE0 = {
						CreatedOnToolsVersion = 9.2;
						ProvisioningStyle = Automatic;
					};
				};
			};
			buildConfigurationList = 4A9F2ABA2041591400637DE0 /* Build configuration list for PBXProject "iOSTutorials" */;
			compatibilityVersion = "Xcode 8.0";
			developmentRegion = en;
			hasScannedForEncodings = 0;
			knownRegions = (
				en,
				Base,
			);
			mainGroup = 4A9F2AB62041591400637DE0;
			productRefGroup = 4A9F2AC02041591400637DE0 /* Products */;
			projectDirPath = "";
			projectRoot = "";
			targets = (
				4A9F2ABE2041591400637DE0 /* iOSTutorials */,
			);
		};
/* End PBXProject section */

/* Begin PBXResourcesBuildPhase section */
		4A9F2ABD2041591400637DE0 /* Resources */ = {
			isa = PBXResourcesBuildPhase;
			buildActionMask = 2147483647;
			files = (
				4A9F2ACD2041591400637DE0 /* LaunchScreen.storyboard in Resources */,
				4A9F2ACA2041591400637DE0 /* Assets.xcassets in Resources */,
			);
			runOnlyForDeploymentPostprocessing = 0;
		};
/* End PBXResourcesBuildPhase section */

/* Begin PBXShellScriptBuildPhase section */
		75C6C46AE0B38F4B12E4BB32 /* [CP] Embed Pods Frameworks */ = {
			isa = PBXShellScriptBuildPhase;
			buildActionMask = 2147483647;
			files = (
			);
			inputPaths = (
				"${SRCROOT}/Pods/Target Support Files/Pods-iOSTutorials/Pods-iOSTutorials-frameworks.sh",
				"${BUILT_PRODUCTS_DIR}/Socket.IO-Client-Swift/SocketIO.framework",
				"${BUILT_PRODUCTS_DIR}/Starscream/Starscream.framework",
			);
			name = "[CP] Embed Pods Frameworks";
			outputPaths = (
				"${TARGET_BUILD_DIR}/${FRAMEWORKS_FOLDER_PATH}/SocketIO.framework",
				"${TARGET_BUILD_DIR}/${FRAMEWORKS_FOLDER_PATH}/Starscream.framework",
			);
			runOnlyForDeploymentPostprocessing = 0;
			shellPath = /bin/sh;
			shellScript = "\"${SRCROOT}/Pods/Target Support Files/Pods-iOSTutorials/Pods-iOSTutorials-frameworks.sh\"\n";
			showEnvVarsInLog = 0;
		};
		79269AB0D1FA2915FE7F7E82 /* [CP] Check Pods Manifest.lock */ = {
			isa = PBXShellScriptBuildPhase;
			buildActionMask = 2147483647;
			files = (
			);
			inputPaths = (
				"${PODS_PODFILE_DIR_PATH}/Podfile.lock",
				"${PODS_ROOT}/Manifest.lock",
			);
			name = "[CP] Check Pods Manifest.lock";
			outputPaths = (
				"$(DERIVED_FILE_DIR)/Pods-iOSTutorials-checkManifestLockResult.txt",
			);
			runOnlyForDeploymentPostprocessing = 0;
			shellPath = /bin/sh;
			shellScript = "diff \"${PODS_PODFILE_DIR_PATH}/Podfile.lock\" \"${PODS_ROOT}/Manifest.lock\" > /dev/null\nif [ $? != 0 ] ; then\n    # print error to STDERR\n    echo \"error: The sandbox is not in sync with the Podfile.lock. Run 'pod install' or update your CocoaPods installation.\" >&2\n    exit 1\nfi\n# This output is used by Xcode 'outputs' to avoid re-running this script phase.\necho \"SUCCESS\" > \"${SCRIPT_OUTPUT_FILE_0}\"\n";
			showEnvVarsInLog = 0;
		};
/* End PBXShellScriptBuildPhase section */

/* Begin PBXSourcesBuildPhase section */
		4A9F2ABB2041591400637DE0 /* Sources */ = {
			isa = PBXSourcesBuildPhase;
			buildActionMask = 2147483647;
			files = (
				4A379FE02042AD8300591E71 /* QueueViewController.swift in Sources */,
				4ACE972120513BE2007E507D /* CodableViewController.swift in Sources */,
				4ACE969C2043AC3B007E507D /* MySingleton.swift in Sources */,
				4A9F2AC32041591400637DE0 /* AppDelegate.swift in Sources */,
				4ACE969E204507F7007E507D /* DataSaveViewController.swift in Sources */,
				4ACE96972043ABD8007E507D /* SingletonViewController.swift in Sources */,
				4AB2212D20624A9300450458 /* PointerViewController.swift in Sources */,
				4A489757207CAF7C0060A900 /* SocketViewController.swift in Sources */,
				4ACE969120416DFC007E507D /* RThread.swift in Sources */,
				4A9F2AE02041667400637DE0 /* MyThread.swift in Sources */,
				4A9F2AE220416BAF00637DE0 /* LThread.swift in Sources */,
				4ACE96932041731C007E507D /* ConditionLockThread.swift in Sources */,
				4A489753207C93850060A900 /* WebSocketViewController.swift in Sources */,
				4A9F2ADD20415C4400637DE0 /* ZViewController.swift in Sources */,
				4A9F2AD8204159F700637DE0 /* ThreadViewController.swift in Sources */,
				4A9F2ADA20415BEA00637DE0 /* HomeViewController.swift in Sources */,
				4ACE969520417924007E507D /* ConditionThread.swift in Sources */,
				4ACE96A220453D76007E507D /* MyModel.xcdatamodeld in Sources */,
			);
			runOnlyForDeploymentPostprocessing = 0;
		};
/* End PBXSourcesBuildPhase section */

/* Begin PBXVariantGroup section */
		4A9F2ACB2041591400637DE0 /* LaunchScreen.storyboard */ = {
			isa = PBXVariantGroup;
			children = (
				4A9F2ACC2041591400637DE0 /* Base */,
			);
			name = LaunchScreen.storyboard;
			sourceTree = "<group>";
		};
/* End PBXVariantGroup section */

/* Begin XCBuildConfiguration section */
		4A9F2ACF2041591400637DE0 /* Debug */ = {
			isa = XCBuildConfiguration;
			buildSettings = {
				ALWAYS_SEARCH_USER_PATHS = NO;
				CLANG_ANALYZER_NONNULL = YES;
				CLANG_ANALYZER_NUMBER_OBJECT_CONVERSION = YES_AGGRESSIVE;
				CLANG_CXX_LANGUAGE_STANDARD = "gnu++14";
				CLANG_CXX_LIBRARY = "libc++";
				CLANG_ENABLE_MODULES = YES;
				CLANG_ENABLE_OBJC_ARC = YES;
				CLANG_WARN_BLOCK_CAPTURE_AUTORELEASING = YES;
				CLANG_WARN_BOOL_CONVERSION = YES;
				CLANG_WARN_COMMA = YES;
				CLANG_WARN_CONSTANT_CONVERSION = YES;
				CLANG_WARN_DEPRECATED_OBJC_IMPLEMENTATIONS = YES;
				CLANG_WARN_DIRECT_OBJC_ISA_USAGE = YES_ERROR;
				CLANG_WARN_DOCUMENTATION_COMMENTS = YES;
				CLANG_WARN_EMPTY_BODY = YES;
				CLANG_WARN_ENUM_CONVERSION = YES;
				CLANG_WARN_INFINITE_RECURSION = YES;
				CLANG_WARN_INT_CONVERSION = YES;
				CLANG_WARN_NON_LITERAL_NULL_CONVERSION = YES;
				CLANG_WARN_OBJC_IMPLICIT_RETAIN_SELF = YES;
				CLANG_WARN_OBJC_LITERAL_CONVERSION = YES;
				CLANG_WARN_OBJC_ROOT_CLASS = YES_ERROR;
				CLANG_WARN_RANGE_LOOP_ANALYSIS = YES;
				CLANG_WARN_STRICT_PROTOTYPES = YES;
				CLANG_WARN_SUSPICIOUS_MOVE = YES;
				CLANG_WARN_UNGUARDED_AVAILABILITY = YES_AGGRESSIVE;
				CLANG_WARN_UNREACHABLE_CODE = YES;
				CLANG_WARN__DUPLICATE_METHOD_MATCH = YES;
				CODE_SIGN_IDENTITY = "iPhone Developer";
				COPY_PHASE_STRIP = NO;
				DEBUG_INFORMATION_FORMAT = dwarf;
				ENABLE_STRICT_OBJC_MSGSEND = YES;
				ENABLE_TESTABILITY = YES;
				GCC_C_LANGUAGE_STANDARD = gnu11;
				GCC_DYNAMIC_NO_PIC = NO;
				GCC_NO_COMMON_BLOCKS = YES;
				GCC_OPTIMIZATION_LEVEL = 0;
				GCC_PREPROCESSOR_DEFINITIONS = (
					"DEBUG=1",
					"$(inherited)",
				);
				GCC_WARN_64_TO_32_BIT_CONVERSION = YES;
				GCC_WARN_ABOUT_RETURN_TYPE = YES_ERROR;
				GCC_WARN_UNDECLARED_SELECTOR = YES;
				GCC_WARN_UNINITIALIZED_AUTOS = YES_AGGRESSIVE;
				GCC_WARN_UNUSED_FUNCTION = YES;
				GCC_WARN_UNUSED_VARIABLE = YES;
				IPHONEOS_DEPLOYMENT_TARGET = 10;
				MTL_ENABLE_DEBUG_INFO = YES;
				ONLY_ACTIVE_ARCH = YES;
				SDKROOT = iphoneos;
				SWIFT_ACTIVE_COMPILATION_CONDITIONS = DEBUG;
				SWIFT_OPTIMIZATION_LEVEL = "-Onone";
			};
			name = Debug;
		};
		4A9F2AD02041591400637DE0 /* Release */ = {
			isa = XCBuildConfiguration;
			buildSettings = {
				ALWAYS_SEARCH_USER_PATHS = NO;
				CLANG_ANALYZER_NONNULL = YES;
				CLANG_ANALYZER_NUMBER_OBJECT_CONVERSION = YES_AGGRESSIVE;
				CLANG_CXX_LANGUAGE_STANDARD = "gnu++14";
				CLANG_CXX_LIBRARY = "libc++";
				CLANG_ENABLE_MODULES = YES;
				CLANG_ENABLE_OBJC_ARC = YES;
				CLANG_WARN_BLOCK_CAPTURE_AUTORELEASING = YES;
				CLANG_WARN_BOOL_CONVERSION = YES;
				CLANG_WARN_COMMA = YES;
				CLANG_WARN_CONSTANT_CONVERSION = YES;
				CLANG_WARN_DEPRECATED_OBJC_IMPLEMENTATIONS = YES;
				CLANG_WARN_DIRECT_OBJC_ISA_USAGE = YES_ERROR;
				CLANG_WARN_DOCUMENTATION_COMMENTS = YES;
				CLANG_WARN_EMPTY_BODY = YES;
				CLANG_WARN_ENUM_CONVERSION = YES;
				CLANG_WARN_INFINITE_RECURSION = YES;
				CLANG_WARN_INT_CONVERSION = YES;
				CLANG_WARN_NON_LITERAL_NULL_CONVERSION = YES;
				CLANG_WARN_OBJC_IMPLICIT_RETAIN_SELF = YES;
				CLANG_WARN_OBJC_LITERAL_CONVERSION = YES;
				CLANG_WARN_OBJC_ROOT_CLASS = YES_ERROR;
				CLANG_WARN_RANGE_LOOP_ANALYSIS = YES;
				CLANG_WARN_STRICT_PROTOTYPES = YES;
				CLANG_WARN_SUSPICIOUS_MOVE = YES;
				CLANG_WARN_UNGUARDED_AVAILABILITY = YES_AGGRESSIVE;
				CLANG_WARN_UNREACHABLE_CODE = YES;
				CLANG_WARN__DUPLICATE_METHOD_MATCH = YES;
				CODE_SIGN_IDENTITY = "iPhone Developer";
				COPY_PHASE_STRIP = NO;
				DEBUG_INFORMATION_FORMAT = "dwarf-with-dsym";
				ENABLE_NS_ASSERTIONS = NO;
				ENABLE_STRICT_OBJC_MSGSEND = YES;
				GCC_C_LANGUAGE_STANDARD = gnu11;
				GCC_NO_COMMON_BLOCKS = YES;
				GCC_WARN_64_TO_32_BIT_CONVERSION = YES;
				GCC_WARN_ABOUT_RETURN_TYPE = YES_ERROR;
				GCC_WARN_UNDECLARED_SELECTOR = YES;
				GCC_WARN_UNINITIALIZED_AUTOS = YES_AGGRESSIVE;
				GCC_WARN_UNUSED_FUNCTION = YES;
				GCC_WARN_UNUSED_VARIABLE = YES;
				IPHONEOS_DEPLOYMENT_TARGET = 10;
				MTL_ENABLE_DEBUG_INFO = NO;
				SDKROOT = iphoneos;
				SWIFT_OPTIMIZATION_LEVEL = "-Owholemodule";
				VALIDATE_PRODUCT = YES;
			};
			name = Release;
		};
		4A9F2AD22041591400637DE0 /* Debug */ = {
			isa = XCBuildConfiguration;
			baseConfigurationReference = 9BA38B3335E65BF0633631F0 /* Pods-iOSTutorials.debug.xcconfig */;
			buildSettings = {
				ASSETCATALOG_COMPILER_APPICON_NAME = AppIcon;
				CODE_SIGN_STYLE = Automatic;
				INFOPLIST_FILE = iOSTutorials/Info.plist;
				LD_RUNPATH_SEARCH_PATHS = "$(inherited) @executable_path/Frameworks";
				PRODUCT_BUNDLE_IDENTIFIER = com.zzb.iOSTutorials;
				PRODUCT_NAME = "$(TARGET_NAME)";
				SWIFT_VERSION = 4.0;
				TARGETED_DEVICE_FAMILY = "1,2";
			};
			name = Debug;
		};
		4A9F2AD32041591400637DE0 /* Release */ = {
			isa = XCBuildConfiguration;
			baseConfigurationReference = 2955C79A8E44DCAA10E5421D /* Pods-iOSTutorials.release.xcconfig */;
			buildSettings = {
				ASSETCATALOG_COMPILER_APPICON_NAME = AppIcon;
				CODE_SIGN_STYLE = Automatic;
				INFOPLIST_FILE = iOSTutorials/Info.plist;
				LD_RUNPATH_SEARCH_PATHS = "$(inherited) @executable_path/Frameworks";
				PRODUCT_BUNDLE_IDENTIFIER = com.zzb.iOSTutorials;
				PRODUCT_NAME = "$(TARGET_NAME)";
				SWIFT_VERSION = 4.0;
				TARGETED_DEVICE_FAMILY = "1,2";
			};
			name = Release;
		};
/* End XCBuildConfiguration section */

/* Begin XCConfigurationList section */
		4A9F2ABA2041591400637DE0 /* Build configuration list for PBXProject "iOSTutorials" */ = {
			isa = XCConfigurationList;
			buildConfigurations = (
				4A9F2ACF2041591400637DE0 /* Debug */,
				4A9F2AD02041591400637DE0 /* Release */,
			);
			defaultConfigurationIsVisible = 0;
			defaultConfigurationName = Release;
		};
		4A9F2AD12041591400637DE0 /* Build configuration list for PBXNativeTarget "iOSTutorials" */ = {
			isa = XCConfigurationList;
			buildConfigurations = (
				4A9F2AD22041591400637DE0 /* Debug */,
				4A9F2AD32041591400637DE0 /* Release */,
			);
			defaultConfigurationIsVisible = 0;
			defaultConfigurationName = Release;
		};
/* End XCConfigurationList section */

/* Begin XCVersionGroup section */
		4ACE96A020453D76007E507D /* MyModel.xcdatamodeld */ = {
			isa = XCVersionGroup;
			children = (
				4ACE96A120453D76007E507D /* MyModel.xcdatamodel */,
			);
			currentVersion = 4ACE96A120453D76007E507D /* MyModel.xcdatamodel */;
			path = MyModel.xcdatamodeld;
			sourceTree = "<group>";
			versionGroupType = wrapper.xcdatamodel;
		};
/* End XCVersionGroup section */
	};
	rootObject = 4A9F2AB72041591400637DE0 /* Project object */;
}
